
Microsoft Visual Studio Solution File, Format Version 12.00
# Visual Studio 15
VisualStudioVersion = 15.0.26430.13
MinimumVisualStudioVersion = 10.0.40219.1
Project("{FAE04EC0-301F-11D3-BF4B-00C04F79EFBC}") = "Ximo.EntityFramework", "Ximo.EntityFramework\Ximo.EntityFramework.csproj", "{F120AFC2-35A4-4B92-8430-17BCD50A0728}"
EndProject
Global
	GlobalSection(SolutionConfigurationPlatforms) = preSolution
		Debug|Any CPU = Debug|Any CPU
		Release|Any CPU = Release|Any CPU
	EndGlobalSection
	GlobalSection(ProjectConfigurationPlatforms) = postSolution
		{F120AFC2-35A4-4B92-8430-17BCD50A0728}.Debug|Any CPU.ActiveCfg = Debug|Any CPU
		{F120AFC2-35A4-4B92-8430-17BCD50A0728}.Debug|Any CPU.Build.0 = Debug|Any CPU
		{F120AFC2-35A4-4B92-8430-17BCD50A0728}.Release|Any CPU.ActiveCfg = Release|Any CPU
		{F120AFC2-35A4-4B92-8430-17BCD50A0728}.Release|Any CPU.Build.0 = Release|Any CPU
	EndGlobalSection
	GlobalSection(SolutionProperties) = preSolution
		HideSolutionNode = FALSE
	EndGlobalSection
EndGlobal
